
Microsoft Visual Studio Solution File, Format Version 12.00
# Visual Studio 15
VisualStudioVersion = 15.0.28307.572
MinimumVisualStudioVersion = 10.0.40219.1
Project("{FAE04EC0-301F-11D3-BF4B-00C04F79EFBC}") = "LoanEMICalculator", "LoanEMICalculator\LoanEMICalculator.csproj", "{EA654D3A-CE1F-4849-9404-C22BA2129CA8}"
EndProject
Project("{FAE04EC0-301F-11D3-BF4B-00C04F79EFBC}") = "LoanEMICalculator.Entities", "LoanEMICalculator.Entities\LoanEMICalculator.Entities.csproj", "{12236534-1448-48F9-A8C0-AF9C15705548}"
EndProject
Project("{FAE04EC0-301F-11D3-BF4B-00C04F79EFBC}") = "LoanEMICalculator.Services", "LoanEMICalculator.Services\LoanEMICalculator.Services.csproj", "{6F26B861-6ED7-43CA-8618-13A44599A73D}"
EndProject
Global
	GlobalSection(SolutionConfigurationPlatforms) = preSolution
		Debug|Any CPU = Debug|Any CPU
		Release|Any CPU = Release|Any CPU
	EndGlobalSection
	GlobalSection(ProjectConfigurationPlatforms) = postSolution
		{EA654D3A-CE1F-4849-9404-C22BA2129CA8}.Debug|Any CPU.ActiveCfg = Debug|Any CPU
		{EA654D3A-CE1F-4849-9404-C22BA2129CA8}.Debug|Any CPU.Build.0 = Debug|Any CPU
		{EA654D3A-CE1F-4849-9404-C22BA2129CA8}.Release|Any CPU.ActiveCfg = Release|Any CPU
		{EA654D3A-CE1F-4849-9404-C22BA2129CA8}.Release|Any CPU.Build.0 = Release|Any CPU
		{12236534-1448-48F9-A8C0-AF9C15705548}.Debug|Any CPU.ActiveCfg = Debug|Any CPU
		{12236534-1448-48F9-A8C0-AF9C15705548}.Debug|Any CPU.Build.0 = Debug|Any CPU
		{12236534-1448-48F9-A8C0-AF9C15705548}.Release|Any CPU.ActiveCfg = Release|Any CPU
		{12236534-1448-48F9-A8C0-AF9C15705548}.Release|Any CPU.Build.0 = Release|Any CPU
		{6F26B861-6ED7-43CA-8618-13A44599A73D}.Debug|Any CPU.ActiveCfg = Debug|Any CPU
		{6F26B861-6ED7-43CA-8618-13A44599A73D}.Debug|Any CPU.Build.0 = Debug|Any CPU
		{6F26B861-6ED7-43CA-8618-13A44599A73D}.Release|Any CPU.ActiveCfg = Release|Any CPU
		{6F26B861-6ED7-43CA-8618-13A44599A73D}.Release|Any CPU.Build.0 = Release|Any CPU
	EndGlobalSection
	GlobalSection(SolutionProperties) = preSolution
		HideSolutionNode = FALSE
	EndGlobalSection
	GlobalSection(ExtensibilityGlobals) = postSolution
		SolutionGuid = {320B27D5-BB27-4D89-8902-2A5B54BAE246}
	EndGlobalSection
EndGlobal
